
Microsoft Visual Studio Solution File, Format Version 12.00
# Visual Studio 15
VisualStudioVersion = 15.0.27130.2036
MinimumVisualStudioVersion = 10.0.40219.1
Project("{9A19103F-16F7-4668-BE54-9A1E7A4F7556}") = "specflowfordotnetcore", "specflowfordotnetcore\specflowfordotnetcore.csproj", "{4F3E6B05-02E8-432F-AE2D-1525F48B1604}"
EndProject
Project("{FAE04EC0-301F-11D3-BF4B-00C04F79EFBC}") = "Specs", "Specs\Specs.csproj", "{40CA5AA4-8E86-4949-A8B3-0B6776B013DF}"
EndProject
Global
	GlobalSection(SolutionConfigurationPlatforms) = preSolution
		Debug|Any CPU = Debug|Any CPU
		Release|Any CPU = Release|Any CPU
	EndGlobalSection
	GlobalSection(ProjectConfigurationPlatforms) = postSolution
		{4F3E6B05-02E8-432F-AE2D-1525F48B1604}.Debug|Any CPU.ActiveCfg = Debug|Any CPU
		{4F3E6B05-02E8-432F-AE2D-1525F48B1604}.Debug|Any CPU.Build.0 = Debug|Any CPU
		{4F3E6B05-02E8-432F-AE2D-1525F48B1604}.Release|Any CPU.ActiveCfg = Release|Any CPU
		{4F3E6B05-02E8-432F-AE2D-1525F48B1604}.Release|Any CPU.Build.0 = Release|Any CPU
		{40CA5AA4-8E86-4949-A8B3-0B6776B013DF}.Debug|Any CPU.ActiveCfg = Debug|Any CPU
		{40CA5AA4-8E86-4949-A8B3-0B6776B013DF}.Debug|Any CPU.Build.0 = Debug|Any CPU
		{40CA5AA4-8E86-4949-A8B3-0B6776B013DF}.Release|Any CPU.ActiveCfg = Release|Any CPU
		{40CA5AA4-8E86-4949-A8B3-0B6776B013DF}.Release|Any CPU.Build.0 = Release|Any CPU
	EndGlobalSection
	GlobalSection(SolutionProperties) = preSolution
		HideSolutionNode = FALSE
	EndGlobalSection
	GlobalSection(ExtensibilityGlobals) = postSolution
		SolutionGuid = {0D5F4D3E-DC8F-40B6-B78D-D581D999952B}
	EndGlobalSection
EndGlobal
